
Microsoft Visual Studio Solution File, Format Version 12.00
# Visual Studio Version 16
VisualStudioVersion = 16.0.31624.102
MinimumVisualStudioVersion = 10.0.40219.1
Project("{FAE04EC0-301F-11D3-BF4B-00C04F79EFBC}") = "EmployeeFeedbackService", "EmployeeFeedbackService.csproj", "{95001318-6F04-42C7-8B98-2C628F4B9587}"
EndProject
Global
	GlobalSection(SolutionConfigurationPlatforms) = preSolution
		Debug|Any CPU = Debug|Any CPU
		Release|Any CPU = Release|Any CPU
	EndGlobalSection
	GlobalSection(ProjectConfigurationPlatforms) = postSolution
		{95001318-6F04-42C7-8B98-2C628F4B9587}.Debug|Any CPU.ActiveCfg = Debug|Any CPU
		{95001318-6F04-42C7-8B98-2C628F4B9587}.Debug|Any CPU.Build.0 = Debug|Any CPU
		{95001318-6F04-42C7-8B98-2C628F4B9587}.Release|Any CPU.ActiveCfg = Release|Any CPU
		{95001318-6F04-42C7-8B98-2C628F4B9587}.Release|Any CPU.Build.0 = Release|Any CPU
	EndGlobalSection
	GlobalSection(SolutionProperties) = preSolution
		HideSolutionNode = FALSE
	EndGlobalSection
	GlobalSection(ExtensibilityGlobals) = postSolution
		SolutionGuid = {837B309A-22C8-48B2-8DED-661A01DB71C3}
	EndGlobalSection
EndGlobal
